
Microsoft Visual Studio Solution File, Format Version 12.00
# Visual Studio Version 17
VisualStudioVersion = 17.5.002.0
MinimumVisualStudioVersion = 10.0.40219.1
Project("{9A19103F-16F7-4668-BE54-9A1E7A4F7556}") = "API", "API.csproj", "{0626B8C0-324C-45CA-9D31-FBD7562B38B6}"
EndProject
Global
	GlobalSection(SolutionConfigurationPlatforms) = preSolution
		Debug|Any CPU = Debug|Any CPU
		Release|Any CPU = Release|Any CPU
	EndGlobalSection
	GlobalSection(ProjectConfigurationPlatforms) = postSolution
		{0626B8C0-324C-45CA-9D31-FBD7562B38B6}.Debug|Any CPU.ActiveCfg = Debug|Any CPU
		{0626B8C0-324C-45CA-9D31-FBD7562B38B6}.Debug|Any CPU.Build.0 = Debug|Any CPU
		{0626B8C0-324C-45CA-9D31-FBD7562B38B6}.Release|Any CPU.ActiveCfg = Release|Any CPU
		{0626B8C0-324C-45CA-9D31-FBD7562B38B6}.Release|Any CPU.Build.0 = Release|Any CPU
	EndGlobalSection
	GlobalSection(SolutionProperties) = preSolution
		HideSolutionNode = FALSE
	EndGlobalSection
	GlobalSection(ExtensibilityGlobals) = postSolution
		SolutionGuid = {A341BC70-6776-45A0-B93D-509C8935EA0C}
	EndGlobalSection
EndGlobal
